
Microsoft Visual Studio Solution File, Format Version 12.00
# Visual Studio Version 17
VisualStudioVersion = 17.14.37628.2
MinimumVisualStudioVersion = 10.0.40219.1
Project("{2150E333-8FDC-42A3-9474-1A3956D46DE8}") = "Task0", "Task0", "{02EA681E-C7D8-13C7-8484-4AC65E1B71E8}"
EndProject
Project("{FAE04EC0-301F-11D3-BF4B-00C04F79EFBC}") = "Tyuiu.GrigorenkoMR.Sprint1.Task0.V10", "Tyuiu.GrigorenkoMR.Sprint1.Task0.V10\Tyuiu.GrigorenkoMR.Sprint1.Task0.V10.csproj", "{B693BAAE-1F16-49CD-8D6D-F38498268309}"
EndProject
Project("{FAE04EC0-301F-11D3-BF4B-00C04F79EFBC}") = "Tyuiu.GrigorenkoMR.Sprint1.Task0.V10.Lib", "Tyuiu.GrigorenkoMR.Sprint1.Task0.V10.Lib\Tyuiu.GrigorenkoMR.Sprint1.Task0.V10.Lib.csproj", "{2E972D04-F8D5-4B35-BE05-4749766DF44A}"
EndProject
Project("{FAE04EC0-301F-11D3-BF4B-00C04F79EFBC}") = "Tyuiu.GrigorenkoMR.Sprint1.Task0.V10.Test", "Tyuiu.GrigorenkoMR.Sprint1.Task0.V10.Test\Tyuiu.GrigorenkoMR.Sprint1.Task0.V10.Test.csproj", "{BC4295FE-450B-4D75-99B9-BAA9A6B826D1}"
EndProject
Project("{2150E333-8FDC-42A3-9474-1A3956D46DE8}") = "Task1", "Task1", "{C1FBD940-C21A-4A5C-8D35-ED6B8A6766D6}"
EndProject
Project("{FAE04EC0-301F-11D3-BF4B-00C04F79EFBC}") = "Tyuiu.GrigorenkoMR.Sprint1.Task1.V11", "Tyuiu.GrigorenkoMR.Sprint1.Task1.V11\Tyuiu.GrigorenkoMR.Sprint1.Task1.V11.csproj", "{B8CED610-EC8C-476C-8815-6091E810CDD4}"
EndProject
Project("{FAE04EC0-301F-11D3-BF4B-00C04F79EFBC}") = "Tyuiu.GrigorenkoMR.Sprint1.Task1.V11.Lib", "Tyuiu.GrigorenkoMR.Sprint1.Task1.V11.Lib\Tyuiu.GrigorenkoMR.Sprint1.Task1.V11.Lib.csproj", "{997F888D-0FD2-49E1-8A13-C8BEC20E4F3E}"
EndProject
Project("{FAE04EC0-301F-11D3-BF4B-00C04F79EFBC}") = "Tyuiu.GrigorenkoMR.Sprint1.Task1.V11.Test", "Tyuiu.GrigorenkoMR.Sprint1.Task1.V11.Test\Tyuiu.GrigorenkoMR.Sprint1.Task1.V11.Test.csproj", "{DE892C2D-EBAB-4620-B71E-647EBF1BC48C}"
EndProject
Project("{2150E333-8FDC-42A3-9474-1A3956D46DE8}") = "Task2", "Task2", "{20C42DAB-13EF-417C-BF63-45DD2F656AFC}"
EndProject
Project("{FAE04EC0-301F-11D3-BF4B-00C04F79EFBC}") = "Tyuiu.GrigorenkoMR.Sprint1.Task2.V1", "Tyuiu.GrigorenkoMR.Sprint1.Task2.V1\Tyuiu.GrigorenkoMR.Sprint1.Task2.V1.csproj", "{7E998D3D-40EB-4ADB-A220-D7F040A3E68F}"
EndProject
Project("{FAE04EC0-301F-11D3-BF4B-00C04F79EFBC}") = "Tyuiu.GrigorenkoMR.Sprint1.Task2.V1.Lib", "Tyuiu.GrigorenkoMR.Sprint1.Task2.V1.Lib\Tyuiu.GrigorenkoMR.Sprint1.Task2.V1.Lib.csproj", "{C3B83B33-8CAF-43DA-9BA8-49202E4FE412}"
EndProject
Project("{FAE04EC0-301F-11D3-BF4B-00C04F79EFBC}") = "Tyuiu.GrigorenkoMR.Sprint1.Task2.V1.Test", "Tyuiu.GrigorenkoMR.Sprint1.Task2.V1.Test\Tyuiu.GrigorenkoMR.Sprint1.Task2.V1.Test.csproj", "{B3C143AF-5A90-49AA-883B-BF966F6EAB66}"
EndProject
Project("{2150E333-8FDC-42A3-9474-1A3956D46DE8}") = "Task3", "Task3", "{78902E02-F219-4B1C-8ED4-674B870D3A7A}"
EndProject
Project("{FAE04EC0-301F-11D3-BF4B-00C04F79EFBC}") = "Tyuiu.GrigorenkoMR.Sprint1.Task3.V16", "Tyuiu.GrigorenkoMR.Sprint1.Task3.V16\Tyuiu.GrigorenkoMR.Sprint1.Task3.V16.csproj", "{E6520E44-B24D-4C49-8928-08E3DA1D17EC}"
EndProject
Project("{FAE04EC0-301F-11D3-BF4B-00C04F79EFBC}") = "Tyuiu.GrigorenkoMR.Sprint1.Task3.V16.Lib", "Tyuiu.GrigorenkoMR.Sprint1.Task3.V16.Lib\Tyuiu.GrigorenkoMR.Sprint1.Task3.V16.Lib.csproj", "{FABE756B-43A9-4C3B-8FE6-14A53D3CA179}"
EndProject
Project("{FAE04EC0-301F-11D3-BF4B-00C04F79EFBC}") = "Tyuiu.GrigorenkoMR.Sprint1.Task3.V16.Test", "Tyuiu.GrigorenkoMR.Sprint1.Task3.V16.Test\Tyuiu.GrigorenkoMR.Sprint1.Task3.V16.Test.csproj", "{4DF54769-0F8F-4459-9EC6-9A132DF23745}"
EndProject
Project("{2150E333-8FDC-42A3-9474-1A3956D46DE8}") = "Task4", "Task4", "{A9CCF8A3-2711-4F4B-AEBD-CE04AD4B402C}"
EndProject
Project("{FAE04EC0-301F-11D3-BF4B-00C04F79EFBC}") = "Tyuiu.GrigorenkoMR.Sprint1.Task4.V28", "Tyuiu.GrigorenkoMR.Sprint1.Task4.V28\Tyuiu.GrigorenkoMR.Sprint1.Task4.V28.csproj", "{ACCEE919-975B-453B-B356-C6F80CE955B5}"
EndProject
Project("{FAE04EC0-301F-11D3-BF4B-00C04F79EFBC}") = "Tyuiu.GrigorenkoMR.Sprint1.Task4.V28.Lib", "Tyuiu.GrigorenkoMR.Sprint1.Task4.V28.Lib\Tyuiu.GrigorenkoMR.Sprint1.Task4.V28.Lib.csproj", "{1F509B93-F4DA-442C-82CE-CDF8E1B40359}"
EndProject
Project("{FAE04EC0-301F-11D3-BF4B-00C04F79EFBC}") = "Tyuiu.GrigorenkoMR.Sprint1.Task4.V28.Test", "Tyuiu.GrigorenkoMR.Sprint1.Task4.V28.Test\Tyuiu.GrigorenkoMR.Sprint1.Task4.V28.Test.csproj", "{956F1F62-8B6E-4D0C-9152-D31708E38FED}"
EndProject
Project("{2150E333-8FDC-42A3-9474-1A3956D46DE8}") = "Task5", "Task5", "{9199A00C-9787-4E47-872B-22D258B203A9}"
EndProject
Project("{FAE04EC0-301F-11D3-BF4B-00C04F79EFBC}") = "Tyuiu.GrigorenkoMR.Sprint1.Task5.V4", "Tyuiu.GrigorenkoMR.Sprint1.Task5.V4\Tyuiu.GrigorenkoMR.Sprint1.Task5.V4.csproj", "{AA8BC159-32B1-4855-9B1C-69833D6C711E}"
EndProject
Project("{FAE04EC0-301F-11D3-BF4B-00C04F79EFBC}") = "Tyuiu.GrigorenkoMR.Sprint1.Task5.V4.Lib", "Tyuiu.GrigorenkoMR.Sprint1.Task5.V4.Lib\Tyuiu.GrigorenkoMR.Sprint1.Task5.V4.Lib.csproj", "{8239CBF4-252B-469A-919F-A7E220580061}"
EndProject
Project("{FAE04EC0-301F-11D3-BF4B-00C04F79EFBC}") = "Tyuiu.GrigorenkoMR.Sprint1.Task5.V4.Test", "Tyuiu.GrigorenkoMR.Sprint1.Task5.V4.Test\Tyuiu.GrigorenkoMR.Sprint1.Task5.V4.Test.csproj", "{F2741733-0304-4536-BD6E-E9C0743BA51F}"
EndProject
Project("{2150E333-8FDC-42A3-9474-1A3956D46DE8}") = "Task6", "Task6", "{26017BE5-AE83-406F-A1B3-BF740C3E00EF}"
EndProject
Project("{FAE04EC0-301F-11D3-BF4B-00C04F79EFBC}") = "Tyuiu.GrigorenkoMR.Sprint1.Task6.V12", "Tyuiu.GrigorenkoMR.Sprint1.Task6.V12\Tyuiu.GrigorenkoMR.Sprint1.Task6.V12.csproj", "{682EB364-8F8B-4FB2-868A-28FE2EFFAF12}"
EndProject
Project("{FAE04EC0-301F-11D3-BF4B-00C04F79EFBC}") = "Tyuiu.GrigorenkoMR.Sprint1.Task6.V12.Lib", "Tyuiu.GrigorenkoMR.Sprint1.Task6.V12.Lib\Tyuiu.GrigorenkoMR.Sprint1.Task6.V12.Lib.csproj", "{1503EF82-2BE5-4F45-B586-A9FBDC41C873}"
EndProject
Project("{FAE04EC0-301F-11D3-BF4B-00C04F79EFBC}") = "Tyuiu.GrigorenkoMR.Sprint1.Task6.V12.Test", "Tyuiu.GrigorenkoMR.Sprint1.Task6.V12.Test\Tyuiu.GrigorenkoMR.Sprint1.Task6.V12.Test.csproj", "{B4D15483-4818-4135-90C0-C651EBC56511}"
EndProject
Global
	GlobalSection(SolutionConfigurationPlatforms) = preSolution
		Debug|Any CPU = Debug|Any CPU
		Release|Any CPU = Release|Any CPU
	EndGlobalSection
	GlobalSection(ProjectConfigurationPlatforms) = postSolution
		{B693BAAE-1F16-49CD-8D6D-F38498268309}.Debug|Any CPU.ActiveCfg = Debug|Any CPU
		{B693BAAE-1F16-49CD-8D6D-F38498268309}.Debug|Any CPU.Build.0 = Debug|Any CPU
		{B693BAAE-1F16-49CD-8D6D-F38498268309}.Release|Any CPU.ActiveCfg = Release|Any CPU
		{B693BAAE-1F16-49CD-8D6D-F38498268309}.Release|Any CPU.Build.0 = Release|Any CPU
		{2E972D04-F8D5-4B35-BE05-4749766DF44A}.Debug|Any CPU.ActiveCfg = Debug|Any CPU
		{2E972D04-F8D5-4B35-BE05-4749766DF44A}.Debug|Any CPU.Build.0 = Debug|Any CPU
		{2E972D04-F8D5-4B35-BE05-4749766DF44A}.Release|Any CPU.ActiveCfg = Release|Any CPU
		{2E972D04-F8D5-4B35-BE05-4749766DF44A}.Release|Any CPU.Build.0 = Release|Any CPU
		{BC4295FE-450B-4D75-99B9-BAA9A6B826D1}.Debug|Any CPU.ActiveCfg = Debug|Any CPU
		{BC4295FE-450B-4D75-99B9-BAA9A6B826D1}.Debug|Any CPU.Build.0 = Debug|Any CPU
		{BC4295FE-450B-4D75-99B9-BAA9A6B826D1}.Release|Any CPU.ActiveCfg = Release|Any CPU
		{BC4295FE-450B-4D75-99B9-BAA9A6B826D1}.Release|Any CPU.Build.0 = Release|Any CPU
		{B8CED610-EC8C-476C-8815-6091E810CDD4}.Debug|Any CPU.ActiveCfg = Debug|Any CPU
		{B8CED610-EC8C-476C-8815-6091E810CDD4}.Debug|Any CPU.Build.0 = Debug|Any CPU
		{B8CED610-EC8C-476C-8815-6091E810CDD4}.Release|Any CPU.ActiveCfg = Release|Any CPU
		{B8CED610-EC8C-476C-8815-6091E810CDD4}.Release|Any CPU.Build.0 = Release|Any CPU
		{997F888D-0FD2-49E1-8A13-C8BEC20E4F3E}.Debug|Any CPU.ActiveCfg = Debug|Any CPU
		{997F888D-0FD2-49E1-8A13-C8BEC20E4F3E}.Debug|Any CPU.Build.0 = Debug|Any CPU
		{997F888D-0FD2-49E1-8A13-C8BEC20E4F3E}.Release|Any CPU.ActiveCfg = Release|Any CPU
		{997F888D-0FD2-49E1-8A13-C8BEC20E4F3E}.Release|Any CPU.Build.0 = Release|Any CPU
		{DE892C2D-EBAB-4620-B71E-647EBF1BC48C}.Debug|Any CPU.ActiveCfg = Debug|Any CPU
		{DE892C2D-EBAB-4620-B71E-647EBF1BC48C}.Debug|Any CPU.Build.0 = Debug|Any CPU
		{DE892C2D-EBAB-4620-B71E-647EBF1BC48C}.Release|Any CPU.ActiveCfg = Release|Any CPU
		{DE892C2D-EBAB-4620-B71E-647EBF1BC48C}.Release|Any CPU.Build.0 = Release|Any CPU
		{7E998D3D-40EB-4ADB-A220-D7F040A3E68F}.Debug|Any CPU.ActiveCfg = Debug|Any CPU
		{7E998D3D-40EB-4ADB-A220-D7F040A3E68F}.Debug|Any CPU.Build.0 = Debug|Any CPU
		{7E998D3D-40EB-4ADB-A220-D7F040A3E68F}.Release|Any CPU.ActiveCfg = Release|Any CPU
		{7E998D3D-40EB-4ADB-A220-D7F040A3E68F}.Release|Any CPU.Build.0 = Release|Any CPU
		{C3B83B33-8CAF-43DA-9BA8-49202E4FE412}.Debug|Any CPU.ActiveCfg = Debug|Any CPU
		{C3B83B33-8CAF-43DA-9BA8-49202E4FE412}.Debug|Any CPU.Build.0 = Debug|Any CPU
		{C3B83B33-8CAF-43DA-9BA8-49202E4FE412}.Release|Any CPU.ActiveCfg = Release|Any CPU
		{C3B83B33-8CAF-43DA-9BA8-49202E4FE412}.Release|Any CPU.Build.0 = Release|Any CPU
		{B3C143AF-5A90-49AA-883B-BF966F6EAB66}.Debug|Any CPU.ActiveCfg = Debug|Any CPU
		{B3C143AF-5A90-49AA-883B-BF966F6EAB66}.Debug|Any CPU.Build.0 = Debug|Any CPU
		{B3C143AF-5A90-49AA-883B-BF966F6EAB66}.Release|Any CPU.ActiveCfg = Release|Any CPU
		{B3C143AF-5A90-49AA-883B-BF966F6EAB66}.Release|Any CPU.Build.0 = Release|Any CPU
		{E6520E44-B24D-4C49-8928-08E3DA1D17EC}.Debug|Any CPU.ActiveCfg = Debug|Any CPU
		{E6520E44-B24D-4C49-8928-08E3DA1D17EC}.Debug|Any CPU.Build.0 = Debug|Any CPU
		{E6520E44-B24D-4C49-8928-08E3DA1D17EC}.Release|Any CPU.ActiveCfg = Release|Any CPU
		{E6520E44-B24D-4C49-8928-08E3DA1D17EC}.Release|Any CPU.Build.0 = Release|Any CPU
		{FABE756B-43A9-4C3B-8FE6-14A53D3CA179}.Debug|Any CPU.ActiveCfg = Debug|Any CPU
		{FABE756B-43A9-4C3B-8FE6-14A53D3CA179}.Debug|Any CPU.Build.0 = Debug|Any CPU
		{FABE756B-43A9-4C3B-8FE6-14A53D3CA179}.Release|Any CPU.ActiveCfg = Release|Any CPU
		{FABE756B-43A9-4C3B-8FE6-14A53D3CA179}.Release|Any CPU.Build.0 = Release|Any CPU
		{4DF54769-0F8F-4459-9EC6-9A132DF23745}.Debug|Any CPU.ActiveCfg = Debug|Any CPU
		{4DF54769-0F8F-4459-9EC6-9A132DF23745}.Debug|Any CPU.Build.0 = Debug|Any CPU
		{4DF54769-0F8F-4459-9EC6-9A132DF23745}.Release|Any CPU.ActiveCfg = Release|Any CPU
		{4DF54769-0F8F-4459-9EC6-9A132DF23745}.Release|Any CPU.Build.0 = Release|Any CPU
		{ACCEE919-975B-453B-B356-C6F80CE955B5}.Debug|Any CPU.ActiveCfg = Debug|Any CPU
		{ACCEE919-975B-453B-B356-C6F80CE955B5}.Debug|Any CPU.Build.0 = Debug|Any CPU
		{ACCEE919-975B-453B-B356-C6F80CE955B5}.Release|Any CPU.ActiveCfg = Release|Any CPU
		{ACCEE919-975B-453B-B356-C6F80CE955B5}.Release|Any CPU.Build.0 = Release|Any CPU
		{1F509B93-F4DA-442C-82CE-CDF8E1B40359}.Debug|Any CPU.ActiveCfg = Debug|Any CPU
		{1F509B93-F4DA-442C-82CE-CDF8E1B40359}.Debug|Any CPU.Build.0 = Debug|Any CPU
		{1F509B93-F4DA-442C-82CE-CDF8E1B40359}.Release|Any CPU.ActiveCfg = Release|Any CPU
		{1F509B93-F4DA-442C-82CE-CDF8E1B40359}.Release|Any CPU.Build.0 = Release|Any CPU
		{956F1F62-8B6E-4D0C-9152-D31708E38FED}.Debug|Any CPU.ActiveCfg = Debug|Any CPU
		{956F1F62-8B6E-4D0C-9152-D31708E38FED}.Debug|Any CPU.Build.0 = Debug|Any CPU
		{956F1F62-8B6E-4D0C-9152-D31708E38FED}.Release|Any CPU.ActiveCfg = Release|Any CPU
		{956F1F62-8B6E-4D0C-9152-D31708E38FED}.Release|Any CPU.Build.0 = Release|Any CPU
		{AA8BC159-32B1-4855-9B1C-69833D6C711E}.Debug|Any CPU.ActiveCfg = Debug|Any CPU
		{AA8BC159-32B1-4855-9B1C-69833D6C711E}.Debug|Any CPU.Build.0 = Debug|Any CPU
		{AA8BC159-32B1-4855-9B1C-69833D6C711E}.Release|Any CPU.ActiveCfg = Release|Any CPU
		{AA8BC159-32B1-4855-9B1C-69833D6C711E}.Release|Any CPU.Build.0 = Release|Any CPU
		{8239CBF4-252B-469A-919F-A7E220580061}.Debug|Any CPU.ActiveCfg = Debug|Any CPU
		{8239CBF4-252B-469A-919F-A7E220580061}.Debug|Any CPU.Build.0 = Debug|Any CPU
		{8239CBF4-252B-469A-919F-A7E220580061}.Release|Any CPU.ActiveCfg = Release|Any CPU
		{8239CBF4-252B-469A-919F-A7E220580061}.Release|Any CPU.Build.0 = Release|Any CPU
		{F2741733-0304-4536-BD6E-E9C0743BA51F}.Debug|Any CPU.ActiveCfg = Debug|Any CPU
		{F2741733-0304-4536-BD6E-E9C0743BA51F}.Debug|Any CPU.Build.0 = Debug|Any CPU
		{F2741733-0304-4536-BD6E-E9C0743BA51F}.Release|Any CPU.ActiveCfg = Release|Any CPU
		{F2741733-0304-4536-BD6E-E9C0743BA51F}.Release|Any CPU.Build.0 = Release|Any CPU
		{682EB364-8F8B-4FB2-868A-28FE2EFFAF12}.Debug|Any CPU.ActiveCfg = Debug|Any CPU
		{682EB364-8F8B-4FB2-868A-28FE2EFFAF12}.Debug|Any CPU.Build.0 = Debug|Any CPU
		{682EB364-8F8B-4FB2-868A-28FE2EFFAF12}.Release|Any CPU.ActiveCfg = Release|Any CPU
		{682EB364-8F8B-4FB2-868A-28FE2EFFAF12}.Release|Any CPU.Build.0 = Release|Any CPU
		{1503EF82-2BE5-4F45-B586-A9FBDC41C873}.Debug|Any CPU.ActiveCfg = Debug|Any CPU
		{1503EF82-2BE5-4F45-B586-A9FBDC41C873}.Debug|Any CPU.Build.0 = Debug|Any CPU
		{1503EF82-2BE5-4F45-B586-A9FBDC41C873}.Release|Any CPU.ActiveCfg = Release|Any CPU
		{1503EF82-2BE5-4F45-B586-A9FBDC41C873}.Release|Any CPU.Build.0 = Release|Any CPU
		{B4D15483-4818-4135-90C0-C651EBC56511}.Debug|Any CPU.ActiveCfg = Debug|Any CPU
		{B4D15483-4818-4135-90C0-C651EBC56511}.Debug|Any CPU.Build.0 = Debug|Any CPU
		{B4D15483-4818-4135-90C0-C651EBC56511}.Release|Any CPU.ActiveCfg = Release|Any CPU
		{B4D15483-4818-4135-90C0-C651EBC56511}.Release|Any CPU.Build.0 = Release|Any CPU
	EndGlobalSection
	GlobalSection(SolutionProperties) = preSolution
		HideSolutionNode = FALSE
	EndGlobalSection
	GlobalSection(NestedProjects) = preSolution
		{B693BAAE-1F16-49CD-8D6D-F38498268309} = {02EA681E-C7D8-13C7-8484-4AC65E1B71E8}
		{2E972D04-F8D5-4B35-BE05-4749766DF44A} = {02EA681E-C7D8-13C7-8484-4AC65E1B71E8}
		{BC4295FE-450B-4D75-99B9-BAA9A6B826D1} = {02EA681E-C7D8-13C7-8484-4AC65E1B71E8}
		{B8CED610-EC8C-476C-8815-6091E810CDD4} = {C1FBD940-C21A-4A5C-8D35-ED6B8A6766D6}
		{997F888D-0FD2-49E1-8A13-C8BEC20E4F3E} = {C1FBD940-C21A-4A5C-8D35-ED6B8A6766D6}
		{DE892C2D-EBAB-4620-B71E-647EBF1BC48C} = {C1FBD940-C21A-4A5C-8D35-ED6B8A6766D6}
		{7E998D3D-40EB-4ADB-A220-D7F040A3E68F} = {20C42DAB-13EF-417C-BF63-45DD2F656AFC}
		{C3B83B33-8CAF-43DA-9BA8-49202E4FE412} = {20C42DAB-13EF-417C-BF63-45DD2F656AFC}
		{B3C143AF-5A90-49AA-883B-BF966F6EAB66} = {20C42DAB-13EF-417C-BF63-45DD2F656AFC}
		{E6520E44-B24D-4C49-8928-08E3DA1D17EC} = {78902E02-F219-4B1C-8ED4-674B870D3A7A}
		{FABE756B-43A9-4C3B-8FE6-14A53D3CA179} = {78902E02-F219-4B1C-8ED4-674B870D3A7A}
		{4DF54769-0F8F-4459-9EC6-9A132DF23745} = {78902E02-F219-4B1C-8ED4-674B870D3A7A}
		{ACCEE919-975B-453B-B356-C6F80CE955B5} = {A9CCF8A3-2711-4F4B-AEBD-CE04AD4B402C}
		{1F509B93-F4DA-442C-82CE-CDF8E1B40359} = {A9CCF8A3-2711-4F4B-AEBD-CE04AD4B402C}
		{956F1F62-8B6E-4D0C-9152-D31708E38FED} = {A9CCF8A3-2711-4F4B-AEBD-CE04AD4B402C}
		{AA8BC159-32B1-4855-9B1C-69833D6C711E} = {9199A00C-9787-4E47-872B-22D258B203A9}
		{8239CBF4-252B-469A-919F-A7E220580061} = {9199A00C-9787-4E47-872B-22D258B203A9}
		{F2741733-0304-4536-BD6E-E9C0743BA51F} = {9199A00C-9787-4E47-872B-22D258B203A9}
		{682EB364-8F8B-4FB2-868A-28FE2EFFAF12} = {26017BE5-AE83-406F-A1B3-BF740C3E00EF}
		{1503EF82-2BE5-4F45-B586-A9FBDC41C873} = {26017BE5-AE83-406F-A1B3-BF740C3E00EF}
		{B4D15483-4818-4135-90C0-C651EBC56511} = {26017BE5-AE83-406F-A1B3-BF740C3E00EF}
	EndGlobalSection
	GlobalSection(ExtensibilityGlobals) = postSolution
		SolutionGuid = {1B721AC2-C203-42DA-B628-49BA79B7FA1A}
	EndGlobalSection
EndGlobal
